{
  "name": "face-detection-mern-app",
  "version": "1.0.0",
  "lockfileVersion": 3,
  "requires": true,
  "packages": {
    "": {
      "name": "face-detection-mern-app",
      "version": "1.0.0",
      "license": "ISC",
      "dependencies": {
        "faceapi": "^1.0.1"
      }
    },
    "node_modules/faceapi": {
      "version": "1.0.1",
      "resolved": "https://registry.npmjs.org/faceapi/-/faceapi-1.0.1.tgz",
      "integrity": "sha512-dWGoz+6eIx9x94W2TcrB8szkhruOCiOgg2BETGDuY37uqV76o3zv4jgiklF4pcMTsaRPaWU5nbvuHBq+gQXKEg=="
    }
  }
}
